
Microsoft Visual Studio Solution File, Format Version 12.00
# Visual Studio Version 17
VisualStudioVersion = 17.1.32210.238
MinimumVisualStudioVersion = 10.0.40219.1
Project("{FAE04EC0-301F-11D3-BF4B-00C04F79EFBC}") = "01_ByteBank", "01_ByteBank.csproj", "{F60191E2-6CFD-420B-812B-F1F50FC76262}"
EndProject
Global
	GlobalSection(SolutionConfigurationPlatforms) = preSolution
		Debug|Any CPU = Debug|Any CPU
		Release|Any CPU = Release|Any CPU
	EndGlobalSection
	GlobalSection(ProjectConfigurationPlatforms) = postSolution
		{F60191E2-6CFD-420B-812B-F1F50FC76262}.Debug|Any CPU.ActiveCfg = Debug|Any CPU
		{F60191E2-6CFD-420B-812B-F1F50FC76262}.Debug|Any CPU.Build.0 = Debug|Any CPU
		{F60191E2-6CFD-420B-812B-F1F50FC76262}.Release|Any CPU.ActiveCfg = Release|Any CPU
		{F60191E2-6CFD-420B-812B-F1F50FC76262}.Release|Any CPU.Build.0 = Release|Any CPU
	EndGlobalSection
	GlobalSection(SolutionProperties) = preSolution
		HideSolutionNode = FALSE
	EndGlobalSection
	GlobalSection(ExtensibilityGlobals) = postSolution
		SolutionGuid = {F417173B-2ACA-44EF-B1F6-EE86D168CD69}
	EndGlobalSection
EndGlobal
